
Microsoft Visual Studio Solution File, Format Version 12.00
# Visual Studio 15
Project("{FAE04EC0-301F-11D3-BF4B-00C04F79EFBC}") = "Assembly-CSharp", "Assembly-CSharp.csproj", "{2692B382-3F50-5AFC-9B82-0D26A27CE9C6}"
EndProject
Project("{FAE04EC0-301F-11D3-BF4B-00C04F79EFBC}") = "Assembly-CSharp-Editor", "Assembly-CSharp-Editor.csproj", "{DE1A82A5-92B5-B30F-763E-F2BD378A6F6B}"
EndProject
Global
	GlobalSection(SolutionConfigurationPlatforms) = preSolution
		Debug|Any CPU = Debug|Any CPU
		Release|Any CPU = Release|Any CPU
	EndGlobalSection
	GlobalSection(ProjectConfigurationPlatforms) = postSolution
		{2692B382-3F50-5AFC-9B82-0D26A27CE9C6}.Debug|Any CPU.ActiveCfg = Debug|Any CPU
		{2692B382-3F50-5AFC-9B82-0D26A27CE9C6}.Debug|Any CPU.Build.0 = Debug|Any CPU
		{2692B382-3F50-5AFC-9B82-0D26A27CE9C6}.Release|Any CPU.ActiveCfg = Release|Any CPU
		{2692B382-3F50-5AFC-9B82-0D26A27CE9C6}.Release|Any CPU.Build.0 = Release|Any CPU
		{DE1A82A5-92B5-B30F-763E-F2BD378A6F6B}.Debug|Any CPU.ActiveCfg = Debug|Any CPU
		{DE1A82A5-92B5-B30F-763E-F2BD378A6F6B}.Debug|Any CPU.Build.0 = Debug|Any CPU
		{DE1A82A5-92B5-B30F-763E-F2BD378A6F6B}.Release|Any CPU.ActiveCfg = Release|Any CPU
		{DE1A82A5-92B5-B30F-763E-F2BD378A6F6B}.Release|Any CPU.Build.0 = Release|Any CPU
	EndGlobalSection
	GlobalSection(SolutionProperties) = preSolution
		HideSolutionNode = FALSE
	EndGlobalSection
EndGlobal
